// !$*UTF8*$!
{
	archiveVersion = 1;
	classes = {
	};
	objectVersion = 50;
	objects = {

/* Begin PBXBuildFile section */
		0628B3741D4CFF57A5C1245C /* Pods_TableDemoTests.framework in Frameworks */ = {isa = PBXBuildFile; fileRef = 7CFE1430007D8068BB8610CE /* Pods_TableDemoTests.framework */; };
		2349D46156B1F3CE5C0C1958 /* Pods_TableDemoUITests.framework in Frameworks */ = {isa = PBXBuildFile; fileRef = 209ACA48114FA7640AEC26A2 /* Pods_TableDemoUITests.framework */; };
		4C28B079217B1E3C000ACA91 /* CustomDialog.swift in Sources */ = {isa = PBXBuildFile; fileRef = 4C28B078217B1E3C000ACA91 /* CustomDialog.swift */; };
		4C4FE488217CD0F9007C1C7C /* TestCustomDiagnosDialog.xib in Resources */ = {isa = PBXBuildFile; fileRef = 4C4FE487217CD0F9007C1C7C /* TestCustomDiagnosDialog.xib */; };
		9192F1882179A69B0024D868 /* AppDelegate.swift in Sources */ = {isa = PBXBuildFile; fileRef = 9192F1872179A69B0024D868 /* AppDelegate.swift */; };
		9192F18A2179A69B0024D868 /* ViewController.swift in Sources */ = {isa = PBXBuildFile; fileRef = 9192F1892179A69B0024D868 /* ViewController.swift */; };
		9192F18D2179A69B0024D868 /* Main.storyboard in Resources */ = {isa = PBXBuildFile; fileRef = 9192F18B2179A69B0024D868 /* Main.storyboard */; };
		9192F1902179A69B0024D868 /* TableDemo.xcdatamodeld in Sources */ = {isa = PBXBuildFile; fileRef = 9192F18E2179A69B0024D868 /* TableDemo.xcdatamodeld */; };
		9192F1922179A69C0024D868 /* Assets.xcassets in Resources */ = {isa = PBXBuildFile; fileRef = 9192F1912179A69C0024D868 /* Assets.xcassets */; };
		9192F1952179A69C0024D868 /* LaunchScreen.storyboard in Resources */ = {isa = PBXBuildFile; fileRef = 9192F1932179A69C0024D868 /* LaunchScreen.storyboard */; };
		9192F1A02179A69C0024D868 /* TableDemoTests.swift in Sources */ = {isa = PBXBuildFile; fileRef = 9192F19F2179A69C0024D868 /* TableDemoTests.swift */; };
		9192F1AB2179A69C0024D868 /* TableDemoUITests.swift in Sources */ = {isa = PBXBuildFile; fileRef = 9192F1AA2179A69C0024D868 /* TableDemoUITests.swift */; };
		9192F1B92179A6CB0024D868 /* TestTableViewCell.swift in Sources */ = {isa = PBXBuildFile; fileRef = 9192F1B82179A6CB0024D868 /* TestTableViewCell.swift */; };
		9192F1BB2179A6D90024D868 /* TestTableViewCell.xib in Resources */ = {isa = PBXBuildFile; fileRef = 9192F1BA2179A6D90024D868 /* TestTableViewCell.xib */; };
		9192F1BD2179B5F00024D868 /* TestTableView.swift in Sources */ = {isa = PBXBuildFile; fileRef = 9192F1BC2179B5F00024D868 /* TestTableView.swift */; };
		9192F1BF2179B9BF0024D868 /* TestTableViewDataSource.swift in Sources */ = {isa = PBXBuildFile; fileRef = 9192F1BE2179B9BF0024D868 /* TestTableViewDataSource.swift */; };
		FCC94C3028F5409F6F945D1B /* Pods_TableDemo.framework in Frameworks */ = {isa = PBXBuildFile; fileRef = C80BB5A43E223A449B8DF341 /* Pods_TableDemo.framework */; };
/* End PBXBuildFile section */

/* Begin PBXContainerItemProxy section */
		9192F19C2179A69C0024D868 /* PBXContainerItemProxy */ = {
			isa = PBXContainerItemProxy;
			containerPortal = 9192F17C2179A69B0024D868 /* Project object */;
			proxyType = 1;
			remoteGlobalIDString = 9192F1832179A69B0024D868;
			remoteInfo = TableDemo;
		};
		9192F1A72179A69C0024D868 /* PBXContainerItemProxy */ = {
			isa = PBXContainerItemProxy;
			containerPortal = 9192F17C2179A69B0024D868 /* Project object */;
			proxyType = 1;
			remoteGlobalIDString = 9192F1832179A69B0024D868;
			remoteInfo = TableDemo;
		};
/* End PBXContainerItemProxy section */

/* Begin PBXFileReference section */
		19E572B963CD5380BBE70B0D /* Pods-TableDemo.debug.xcconfig */ = {isa = PBXFileReference; includeInIndex = 1; lastKnownFileType = text.xcconfig; name = "Pods-TableDemo.debug.xcconfig"; path = "Pods/Target Support Files/Pods-TableDemo/Pods-TableDemo.debug.xcconfig"; sourceTree = "<group>"; };
		209ACA48114FA7640AEC26A2 /* Pods_TableDemoUITests.framework */ = {isa = PBXFileReference; explicitFileType = wrapper.framework; includeInIndex = 0; path = Pods_TableDemoUITests.framework; sourceTree = BUILT_PRODUCTS_DIR; };
		2A2A538FC126E6006A7EF76A /* Pods-TableDemoUITests.debug.xcconfig */ = {isa = PBXFileReference; includeInIndex = 1; lastKnownFileType = text.xcconfig; name = "Pods-TableDemoUITests.debug.xcconfig"; path = "Pods/Target Support Files/Pods-TableDemoUITests/Pods-TableDemoUITests.debug.xcconfig"; sourceTree = "<group>"; };
		4C28B078217B1E3C000ACA91 /* CustomDialog.swift */ = {isa = PBXFileReference; lastKnownFileType = sourcecode.swift; path = CustomDialog.swift; sourceTree = "<group>"; };
		4C4FE487217CD0F9007C1C7C /* TestCustomDiagnosDialog.xib */ = {isa = PBXFileReference; lastKnownFileType = file.xib; path = TestCustomDiagnosDialog.xib; sourceTree = "<group>"; };
		727EACEA6BDE150FEABDE1F6 /* Pods-TableDemoTests.debug.xcconfig */ = {isa = PBXFileReference; includeInIndex = 1; lastKnownFileType = text.xcconfig; name = "Pods-TableDemoTests.debug.xcconfig"; path = "Pods/Target Support Files/Pods-TableDemoTests/Pods-TableDemoTests.debug.xcconfig"; sourceTree = "<group>"; };
		787F9805FED534F2C7A70D22 /* Pods-TableDemo.release.xcconfig */ = {isa = PBXFileReference; includeInIndex = 1; lastKnownFileType = text.xcconfig; name = "Pods-TableDemo.release.xcconfig"; path = "Pods/Target Support Files/Pods-TableDemo/Pods-TableDemo.release.xcconfig"; sourceTree = "<group>"; };
		7CFE1430007D8068BB8610CE /* Pods_TableDemoTests.framework */ = {isa = PBXFileReference; explicitFileType = wrapper.framework; includeInIndex = 0; path = Pods_TableDemoTests.framework; sourceTree = BUILT_PRODUCTS_DIR; };
		9192F1842179A69B0024D868 /* TableDemo.app */ = {isa = PBXFileReference; explicitFileType = wrapper.application; includeInIndex = 0; path = TableDemo.app; sourceTree = BUILT_PRODUCTS_DIR; };
		9192F1872179A69B0024D868 /* AppDelegate.swift */ = {isa = PBXFileReference; lastKnownFileType = sourcecode.swift; path = AppDelegate.swift; sourceTree = "<group>"; };
		9192F1892179A69B0024D868 /* ViewController.swift */ = {isa = PBXFileReference; lastKnownFileType = sourcecode.swift; path = ViewController.swift; sourceTree = "<group>"; };
		9192F18C2179A69B0024D868 /* Base */ = {isa = PBXFileReference; lastKnownFileType = file.storyboard; name = Base; path = Base.lproj/Main.storyboard; sourceTree = "<group>"; };
		9192F18F2179A69B0024D868 /* TableDemo.xcdatamodel */ = {isa = PBXFileReference; lastKnownFileType = wrapper.xcdatamodel; path = TableDemo.xcdatamodel; sourceTree = "<group>"; };
		9192F1912179A69C0024D868 /* Assets.xcassets */ = {isa = PBXFileReference; lastKnownFileType = folder.assetcatalog; path = Assets.xcassets; sourceTree = "<group>"; };
		9192F1942179A69C0024D868 /* Base */ = {isa = PBXFileReference; lastKnownFileType = file.storyboard; name = Base; path = Base.lproj/LaunchScreen.storyboard; sourceTree = "<group>"; };
		9192F1962179A69C0024D868 /* Info.plist */ = {isa = PBXFileReference; lastKnownFileType = text.plist.xml; path = Info.plist; sourceTree = "<group>"; };
		9192F19B2179A69C0024D868 /* TableDemoTests.xctest */ = {isa = PBXFileReference; explicitFileType = wrapper.cfbundle; includeInIndex = 0; path = TableDemoTests.xctest; sourceTree = BUILT_PRODUCTS_DIR; };
		9192F19F2179A69C0024D868 /* TableDemoTests.swift */ = {isa = PBXFileReference; lastKnownFileType = sourcecode.swift; path = TableDemoTests.swift; sourceTree = "<group>"; };
		9192F1A12179A69C0024D868 /* Info.plist */ = {isa = PBXFileReference; lastKnownFileType = text.plist.xml; path = Info.plist; sourceTree = "<group>"; };
		9192F1A62179A69C0024D868 /* TableDemoUITests.xctest */ = {isa = PBXFileReference; explicitFileType = wrapper.cfbundle; includeInIndex = 0; path = TableDemoUITests.xctest; sourceTree = BUILT_PRODUCTS_DIR; };
		9192F1AA2179A69C0024D868 /* TableDemoUITests.swift */ = {isa = PBXFileReference; lastKnownFileType = sourcecode.swift; path = TableDemoUITests.swift; sourceTree = "<group>"; };
		9192F1AC2179A69C0024D868 /* Info.plist */ = {isa = PBXFileReference; lastKnownFileType = text.plist.xml; path = Info.plist; sourceTree = "<group>"; };
		9192F1B82179A6CB0024D868 /* TestTableViewCell.swift */ = {isa = PBXFileReference; lastKnownFileType = sourcecode.swift; path = TestTableViewCell.swift; sourceTree = "<group>"; };
		9192F1BA2179A6D90024D868 /* TestTableViewCell.xib */ = {isa = PBXFileReference; lastKnownFileType = file.xib; path = TestTableViewCell.xib; sourceTree = "<group>"; };
		9192F1BC2179B5F00024D868 /* TestTableView.swift */ = {isa = PBXFileReference; lastKnownFileType = sourcecode.swift; path = TestTableView.swift; sourceTree = "<group>"; };
		9192F1BE2179B9BF0024D868 /* TestTableViewDataSource.swift */ = {isa = PBXFileReference; lastKnownFileType = sourcecode.swift; path = TestTableViewDataSource.swift; sourceTree = "<group>"; };
		98433D2183FEF014EEF75555 /* Pods-TableDemoTests.release.xcconfig */ = {isa = PBXFileReference; includeInIndex = 1; lastKnownFileType = text.xcconfig; name = "Pods-TableDemoTests.release.xcconfig"; path = "Pods/Target Support Files/Pods-TableDemoTests/Pods-TableDemoTests.release.xcconfig"; sourceTree = "<group>"; };
		C80BB5A43E223A449B8DF341 /* Pods_TableDemo.framework */ = {isa = PBXFileReference; explicitFileType = wrapper.framework; includeInIndex = 0; path = Pods_TableDemo.framework; sourceTree = BUILT_PRODUCTS_DIR; };
		F8C863FB67AD5F5DF1D7846F /* Pods-TableDemoUITests.release.xcconfig */ = {isa = PBXFileReference; includeInIndex = 1; lastKnownFileType = text.xcconfig; name = "Pods-TableDemoUITests.release.xcconfig"; path = "Pods/Target Support Files/Pods-TableDemoUITests/Pods-TableDemoUITests.release.xcconfig"; sourceTree = "<group>"; };
/* End PBXFileReference section */

/* Begin PBXFrameworksBuildPhase section */
		9192F1812179A69B0024D868 /* Frameworks */ = {
			isa = PBXFrameworksBuildPhase;
			buildActionMask = 2147483647;
			files = (
				FCC94C3028F5409F6F945D1B /* Pods_TableDemo.framework in Frameworks */,
			);
			runOnlyForDeploymentPostprocessing = 0;
		};
		9192F1982179A69C0024D868 /* Frameworks */ = {
			isa = PBXFrameworksBuildPhase;
			buildActionMask = 2147483647;
			files = (
				0628B3741D4CFF57A5C1245C /* Pods_TableDemoTests.framework in Frameworks */,
			);
			runOnlyForDeploymentPostprocessing = 0;
		};
		9192F1A32179A69C0024D868 /* Frameworks */ = {
			isa = PBXFrameworksBuildPhase;
			buildActionMask = 2147483647;
			files = (
				2349D46156B1F3CE5C0C1958 /* Pods_TableDemoUITests.framework in Frameworks */,
			);
			runOnlyForDeploymentPostprocessing = 0;
		};
/* End PBXFrameworksBuildPhase section */

/* Begin PBXGroup section */
		757EAF290BD4CFD63C72BD8A /* Pods */ = {
			isa = PBXGroup;
			children = (
				19E572B963CD5380BBE70B0D /* Pods-TableDemo.debug.xcconfig */,
				787F9805FED534F2C7A70D22 /* Pods-TableDemo.release.xcconfig */,
				727EACEA6BDE150FEABDE1F6 /* Pods-TableDemoTests.debug.xcconfig */,
				98433D2183FEF014EEF75555 /* Pods-TableDemoTests.release.xcconfig */,
				2A2A538FC126E6006A7EF76A /* Pods-TableDemoUITests.debug.xcconfig */,
				F8C863FB67AD5F5DF1D7846F /* Pods-TableDemoUITests.release.xcconfig */,
			);
			name = Pods;
			sourceTree = "<group>";
		};
		9192F17B2179A69B0024D868 = {
			isa = PBXGroup;
			children = (
				9192F1862179A69B0024D868 /* TableDemo */,
				9192F19E2179A69C0024D868 /* TableDemoTests */,
				9192F1A92179A69C0024D868 /* TableDemoUITests */,
				9192F1852179A69B0024D868 /* Products */,
				757EAF290BD4CFD63C72BD8A /* Pods */,
				F464110A3D0D7370D254E938 /* Frameworks */,
			);
			sourceTree = "<group>";
		};
		9192F1852179A69B0024D868 /* Products */ = {
			isa = PBXGroup;
			children = (
				9192F1842179A69B0024D868 /* TableDemo.app */,
				9192F19B2179A69C0024D868 /* TableDemoTests.xctest */,
				9192F1A62179A69C0024D868 /* TableDemoUITests.xctest */,
			);
			name = Products;
			sourceTree = "<group>";
		};
		9192F1862179A69B0024D868 /* TableDemo */ = {
			isa = PBXGroup;
			children = (
				9192F1872179A69B0024D868 /* AppDelegate.swift */,
				9192F1892179A69B0024D868 /* ViewController.swift */,
				9192F18B2179A69B0024D868 /* Main.storyboard */,
				9192F1912179A69C0024D868 /* Assets.xcassets */,
				9192F1932179A69C0024D868 /* LaunchScreen.storyboard */,
				9192F1962179A69C0024D868 /* Info.plist */,
				9192F18E2179A69B0024D868 /* TableDemo.xcdatamodeld */,
				9192F1B82179A6CB0024D868 /* TestTableViewCell.swift */,
				9192F1BA2179A6D90024D868 /* TestTableViewCell.xib */,
				9192F1BC2179B5F00024D868 /* TestTableView.swift */,
				9192F1BE2179B9BF0024D868 /* TestTableViewDataSource.swift */,
				4C28B078217B1E3C000ACA91 /* CustomDialog.swift */,
				4C4FE487217CD0F9007C1C7C /* TestCustomDiagnosDialog.xib */,
			);
			path = TableDemo;
			sourceTree = "<group>";
		};
		9192F19E2179A69C0024D868 /* TableDemoTests */ = {
			isa = PBXGroup;
			children = (
				9192F19F2179A69C0024D868 /* TableDemoTests.swift */,
				9192F1A12179A69C0024D868 /* Info.plist */,
			);
			path = TableDemoTests;
			sourceTree = "<group>";
		};
		9192F1A92179A69C0024D868 /* TableDemoUITests */ = {
			isa = PBXGroup;
			children = (
				9192F1AA2179A69C0024D868 /* TableDemoUITests.swift */,
				9192F1AC2179A69C0024D868 /* Info.plist */,
			);
			path = TableDemoUITests;
			sourceTree = "<group>";
		};
		F464110A3D0D7370D254E938 /* Frameworks */ = {
			isa = PBXGroup;
			children = (
				C80BB5A43E223A449B8DF341 /* Pods_TableDemo.framework */,
				7CFE1430007D8068BB8610CE /* Pods_TableDemoTests.framework */,
				209ACA48114FA7640AEC26A2 /* Pods_TableDemoUITests.framework */,
			);
			name = Frameworks;
			sourceTree = "<group>";
		};
/* End PBXGroup section */

/* Begin PBXNativeTarget section */
		9192F1832179A69B0024D868 /* TableDemo */ = {
			isa = PBXNativeTarget;
			buildConfigurationList = 9192F1AF2179A69C0024D868 /* Build configuration list for PBXNativeTarget "TableDemo" */;
			buildPhases = (
				C891827815A7F4593AC564C2 /* [CP] Check Pods Manifest.lock */,
				9192F1802179A69B0024D868 /* Sources */,
				9192F1812179A69B0024D868 /* Frameworks */,
				9192F1822179A69B0024D868 /* Resources */,
				47B1CD14C43DA954021232B4 /* [CP] Embed Pods Frameworks */,
			);
			buildRules = (
			);
			dependencies = (
			);
			name = TableDemo;
			productName = TableDemo;
			productReference = 9192F1842179A69B0024D868 /* TableDemo.app */;
			productType = "com.apple.product-type.application";
		};
		9192F19A2179A69C0024D868 /* TableDemoTests */ = {
			isa = PBXNativeTarget;
			buildConfigurationList = 9192F1B22179A69C0024D868 /* Build configuration list for PBXNativeTarget "TableDemoTests" */;
			buildPhases = (
				23710C0E119C8A5F983CDFB6 /* [CP] Check Pods Manifest.lock */,
				9192F1972179A69C0024D868 /* Sources */,
				9192F1982179A69C0024D868 /* Frameworks */,
				9192F1992179A69C0024D868 /* Resources */,
			);
			buildRules = (
			);
			dependencies = (
				9192F19D2179A69C0024D868 /* PBXTargetDependency */,
			);
			name = TableDemoTests;
			productName = TableDemoTests;
			productReference = 9192F19B2179A69C0024D868 /* TableDemoTests.xctest */;
			productType = "com.apple.product-type.bundle.unit-test";
		};
		9192F1A52179A69C0024D868 /* TableDemoUITests */ = {
			isa = PBXNativeTarget;
			buildConfigurationList = 9192F1B52179A69C0024D868 /* Build configuration list for PBXNativeTarget "TableDemoUITests" */;
			buildPhases = (
				7368CFD81A7B1B26789C69F6 /* [CP] Check Pods Manifest.lock */,
				9192F1A22179A69C0024D868 /* Sources */,
				9192F1A32179A69C0024D868 /* Frameworks */,
				9192F1A42179A69C0024D868 /* Resources */,
			);
			buildRules = (
			);
			dependencies = (
				9192F1A82179A69C0024D868 /* PBXTargetDependency */,
			);
			name = TableDemoUITests;
			productName = TableDemoUITests;
			productReference = 9192F1A62179A69C0024D868 /* TableDemoUITests.xctest */;
			productType = "com.apple.product-type.bundle.ui-testing";
		};
/* End PBXNativeTarget section */

/* Begin PBXProject section */
		9192F17C2179A69B0024D868 /* Project object */ = {
			isa = PBXProject;
			attributes = {
				LastSwiftUpdateCheck = 0940;
				LastUpgradeCheck = 0940;
				ORGANIZATIONNAME = UTEAMTEC;
				TargetAttributes = {
					9192F1832179A69B0024D868 = {
						CreatedOnToolsVersion = 9.4.1;
					};
					9192F19A2179A69C0024D868 = {
						CreatedOnToolsVersion = 9.4.1;
						TestTargetID = 9192F1832179A69B0024D868;
					};
					9192F1A52179A69C0024D868 = {
						CreatedOnToolsVersion = 9.4.1;
						TestTargetID = 9192F1832179A69B0024D868;
					};
				};
			};
			buildConfigurationList = 9192F17F2179A69B0024D868 /* Build configuration list for PBXProject "TableDemo" */;
			compatibilityVersion = "Xcode 9.3";
			developmentRegion = en;
			hasScannedForEncodings = 0;
			knownRegions = (
				en,
				Base,
			);
			mainGroup = 9192F17B2179A69B0024D868;
			productRefGroup = 9192F1852179A69B0024D868 /* Products */;
			projectDirPath = "";
			projectRoot = "";
			targets = (
				9192F1832179A69B0024D868 /* TableDemo */,
				9192F19A2179A69C0024D868 /* TableDemoTests */,
				9192F1A52179A69C0024D868 /* TableDemoUITests */,
			);
		};
/* End PBXProject section */

/* Begin PBXResourcesBuildPhase section */
		9192F1822179A69B0024D868 /* Resources */ = {
			isa = PBXResourcesBuildPhase;
			buildActionMask = 2147483647;
			files = (
				9192F1952179A69C0024D868 /* LaunchScreen.storyboard in Resources */,
				9192F1BB2179A6D90024D868 /* TestTableViewCell.xib in Resources */,
				9192F1922179A69C0024D868 /* Assets.xcassets in Resources */,
				4C4FE488217CD0F9007C1C7C /* TestCustomDiagnosDialog.xib in Resources */,
				9192F18D2179A69B0024D868 /* Main.storyboard in Resources */,
			);
			runOnlyForDeploymentPostprocessing = 0;
		};
		9192F1992179A69C0024D868 /* Resources */ = {
			isa = PBXResourcesBuildPhase;
			buildActionMask = 2147483647;
			files = (
			);
			runOnlyForDeploymentPostprocessing = 0;
		};
		9192F1A42179A69C0024D868 /* Resources */ = {
			isa = PBXResourcesBuildPhase;
			buildActionMask = 2147483647;
			files = (
			);
			runOnlyForDeploymentPostprocessing = 0;
		};
/* End PBXResourcesBuildPhase section */

/* Begin PBXShellScriptBuildPhase section */
		23710C0E119C8A5F983CDFB6 /* [CP] Check Pods Manifest.lock */ = {
			isa = PBXShellScriptBuildPhase;
			buildActionMask = 2147483647;
			files = (
			);
			inputFileListPaths = (
			);
			inputPaths = (
				"${PODS_PODFILE_DIR_PATH}/Podfile.lock",
				"${PODS_ROOT}/Manifest.lock",
			);
			name = "[CP] Check Pods Manifest.lock";
			outputFileListPaths = (
			);
			outputPaths = (
				"$(DERIVED_FILE_DIR)/Pods-TableDemoTests-checkManifestLockResult.txt",
			);
			runOnlyForDeploymentPostprocessing = 0;
			shellPath = /bin/sh;
			shellScript = "diff \"${PODS_PODFILE_DIR_PATH}/Podfile.lock\" \"${PODS_ROOT}/Manifest.lock\" > /dev/null\nif [ $? != 0 ] ; then\n    # print error to STDERR\n    echo \"error: The sandbox is not in sync with the Podfile.lock. Run 'pod install' or update your CocoaPods installation.\" >&2\n    exit 1\nfi\n# This output is used by Xcode 'outputs' to avoid re-running this script phase.\necho \"SUCCESS\" > \"${SCRIPT_OUTPUT_FILE_0}\"\n";
			showEnvVarsInLog = 0;
		};
		47B1CD14C43DA954021232B4 /* [CP] Embed Pods Frameworks */ = {
			isa = PBXShellScriptBuildPhase;
			buildActionMask = 2147483647;
			files = (
			);
			inputFileListPaths = (
			);
			inputPaths = (
				"${SRCROOT}/Pods/Target Support Files/Pods-TableDemo/Pods-TableDemo-frameworks.sh",
				"${BUILT_PRODUCTS_DIR}/NVActivityIndicatorView/NVActivityIndicatorView.framework",
			);
			name = "[CP] Embed Pods Frameworks";
			outputFileListPaths = (
			);
			outputPaths = (
				"${TARGET_BUILD_DIR}/${FRAMEWORKS_FOLDER_PATH}/NVActivityIndicatorView.framework",
			);
			runOnlyForDeploymentPostprocessing = 0;
			shellPath = /bin/sh;
			shellScript = "\"${SRCROOT}/Pods/Target Support Files/Pods-TableDemo/Pods-TableDemo-frameworks.sh\"\n";
			showEnvVarsInLog = 0;
		};
		7368CFD81A7B1B26789C69F6 /* [CP] Check Pods Manifest.lock */ = {
			isa = PBXShellScriptBuildPhase;
			buildActionMask = 2147483647;
			files = (
			);
			inputFileListPaths = (
			);
			inputPaths = (
				"${PODS_PODFILE_DIR_PATH}/Podfile.lock",
				"${PODS_ROOT}/Manifest.lock",
			);
			name = "[CP] Check Pods Manifest.lock";
			outputFileListPaths = (
			);
			outputPaths = (
				"$(DERIVED_FILE_DIR)/Pods-TableDemoUITests-checkManifestLockResult.txt",
			);
			runOnlyForDeploymentPostprocessing = 0;
			shellPath = /bin/sh;
			shellScript = "diff \"${PODS_PODFILE_DIR_PATH}/Podfile.lock\" \"${PODS_ROOT}/Manifest.lock\" > /dev/null\nif [ $? != 0 ] ; then\n    # print error to STDERR\n    echo \"error: The sandbox is not in sync with the Podfile.lock. Run 'pod install' or update your CocoaPods installation.\" >&2\n    exit 1\nfi\n# This output is used by Xcode 'outputs' to avoid re-running this script phase.\necho \"SUCCESS\" > \"${SCRIPT_OUTPUT_FILE_0}\"\n";
			showEnvVarsInLog = 0;
		};
		C891827815A7F4593AC564C2 /* [CP] Check Pods Manifest.lock */ = {
			isa = PBXShellScriptBuildPhase;
			buildActionMask = 2147483647;
			files = (
			);
			inputFileListPaths = (
			);
			inputPaths = (
				"${PODS_PODFILE_DIR_PATH}/Podfile.lock",
				"${PODS_ROOT}/Manifest.lock",
			);
			name = "[CP] Check Pods Manifest.lock";
			outputFileListPaths = (
			);
			outputPaths = (
				"$(DERIVED_FILE_DIR)/Pods-TableDemo-checkManifestLockResult.txt",
			);
			runOnlyForDeploymentPostprocessing = 0;
			shellPath = /bin/sh;
			shellScript = "diff \"${PODS_PODFILE_DIR_PATH}/Podfile.lock\" \"${PODS_ROOT}/Manifest.lock\" > /dev/null\nif [ $? != 0 ] ; then\n    # print error to STDERR\n    echo \"error: The sandbox is not in sync with the Podfile.lock. Run 'pod install' or update your CocoaPods installation.\" >&2\n    exit 1\nfi\n# This output is used by Xcode 'outputs' to avoid re-running this script phase.\necho \"SUCCESS\" > \"${SCRIPT_OUTPUT_FILE_0}\"\n";
			showEnvVarsInLog = 0;
		};
/* End PBXShellScriptBuildPhase section */

/* Begin PBXSourcesBuildPhase section */
		9192F1802179A69B0024D868 /* Sources */ = {
			isa = PBXSourcesBuildPhase;
			buildActionMask = 2147483647;
			files = (
				9192F1BF2179B9BF0024D868 /* TestTableViewDataSource.swift in Sources */,
				9192F1BD2179B5F00024D868 /* TestTableView.swift in Sources */,
				4C28B079217B1E3C000ACA91 /* CustomDialog.swift in Sources */,
				9192F18A2179A69B0024D868 /* ViewController.swift in Sources */,
				9192F1B92179A6CB0024D868 /* TestTableViewCell.swift in Sources */,
				9192F1882179A69B0024D868 /* AppDelegate.swift in Sources */,
				9192F1902179A69B0024D868 /* TableDemo.xcdatamodeld in Sources */,
			);
			runOnlyForDeploymentPostprocessing = 0;
		};
		9192F1972179A69C0024D868 /* Sources */ = {
			isa = PBXSourcesBuildPhase;
			buildActionMask = 2147483647;
			files = (
				9192F1A02179A69C0024D868 /* TableDemoTests.swift in Sources */,
			);
			runOnlyForDeploymentPostprocessing = 0;
		};
		9192F1A22179A69C0024D868 /* Sources */ = {
			isa = PBXSourcesBuildPhase;
			buildActionMask = 2147483647;
			files = (
				9192F1AB2179A69C0024D868 /* TableDemoUITests.swift in Sources */,
			);
			runOnlyForDeploymentPostprocessing = 0;
		};
/* End PBXSourcesBuildPhase section */

/* Begin PBXTargetDependency section */
		9192F19D2179A69C0024D868 /* PBXTargetDependency */ = {
			isa = PBXTargetDependency;
			target = 9192F1832179A69B0024D868 /* TableDemo */;
			targetProxy = 9192F19C2179A69C0024D868 /* PBXContainerItemProxy */;
		};
		9192F1A82179A69C0024D868 /* PBXTargetDependency */ = {
			isa = PBXTargetDependency;
			target = 9192F1832179A69B0024D868 /* TableDemo */;
			targetProxy = 9192F1A72179A69C0024D868 /* PBXContainerItemProxy */;
		};
/* End PBXTargetDependency section */

/* Begin PBXVariantGroup section */
		9192F18B2179A69B0024D868 /* Main.storyboard */ = {
			isa = PBXVariantGroup;
			children = (
				9192F18C2179A69B0024D868 /* Base */,
			);
			name = Main.storyboard;
			sourceTree = "<group>";
		};
		9192F1932179A69C0024D868 /* LaunchScreen.storyboard */ = {
			isa = PBXVariantGroup;
			children = (
				9192F1942179A69C0024D868 /* Base */,
			);
			name = LaunchScreen.storyboard;
			sourceTree = "<group>";
		};
/* End PBXVariantGroup section */

/* Begin XCBuildConfiguration section */
		9192F1AD2179A69C0024D868 /* Debug */ = {
			isa = XCBuildConfiguration;
			buildSettings = {
				ALWAYS_SEARCH_USER_PATHS = NO;
				CLANG_ANALYZER_NONNULL = YES;
				CLANG_ANALYZER_NUMBER_OBJECT_CONVERSION = YES_AGGRESSIVE;
				CLANG_CXX_LANGUAGE_STANDARD = "gnu++14";
				CLANG_CXX_LIBRARY = "libc++";
				CLANG_ENABLE_MODULES = YES;
				CLANG_ENABLE_OBJC_ARC = YES;
				CLANG_ENABLE_OBJC_WEAK = YES;
				CLANG_WARN_BLOCK_CAPTURE_AUTORELEASING = YES;
				CLANG_WARN_BOOL_CONVERSION = YES;
				CLANG_WARN_COMMA = YES;
				CLANG_WARN_CONSTANT_CONVERSION = YES;
				CLANG_WARN_DEPRECATED_OBJC_IMPLEMENTATIONS = YES;
				CLANG_WARN_DIRECT_OBJC_ISA_USAGE = YES_ERROR;
				CLANG_WARN_DOCUMENTATION_COMMENTS = YES;
				CLANG_WARN_EMPTY_BODY = YES;
				CLANG_WARN_ENUM_CONVERSION = YES;
				CLANG_WARN_INFINITE_RECURSION = YES;
				CLANG_WARN_INT_CONVERSION = YES;
				CLANG_WARN_NON_LITERAL_NULL_CONVERSION = YES;
				CLANG_WARN_OBJC_IMPLICIT_RETAIN_SELF = YES;
				CLANG_WARN_OBJC_LITERAL_CONVERSION = YES;
				CLANG_WARN_OBJC_ROOT_CLASS = YES_ERROR;
				CLANG_WARN_RANGE_LOOP_ANALYSIS = YES;
				CLANG_WARN_STRICT_PROTOTYPES = YES;
				CLANG_WARN_SUSPICIOUS_MOVE = YES;
				CLANG_WARN_UNGUARDED_AVAILABILITY = YES_AGGRESSIVE;
				CLANG_WARN_UNREACHABLE_CODE = YES;
				CLANG_WARN__DUPLICATE_METHOD_MATCH = YES;
				CODE_SIGN_IDENTITY = "iPhone Developer";
				COPY_PHASE_STRIP = NO;
				DEBUG_INFORMATION_FORMAT = dwarf;
				ENABLE_STRICT_OBJC_MSGSEND = YES;
				ENABLE_TESTABILITY = YES;
				GCC_C_LANGUAGE_STANDARD = gnu11;
				GCC_DYNAMIC_NO_PIC = NO;
				GCC_NO_COMMON_BLOCKS = YES;
				GCC_OPTIMIZATION_LEVEL = 0;
				GCC_PREPROCESSOR_DEFINITIONS = (
					"DEBUG=1",
					"$(inherited)",
				);
				GCC_WARN_64_TO_32_BIT_CONVERSION = YES;
				GCC_WARN_ABOUT_RETURN_TYPE = YES_ERROR;
				GCC_WARN_UNDECLARED_SELECTOR = YES;
				GCC_WARN_UNINITIALIZED_AUTOS = YES_AGGRESSIVE;
				GCC_WARN_UNUSED_FUNCTION = YES;
				GCC_WARN_UNUSED_VARIABLE = YES;
				IPHONEOS_DEPLOYMENT_TARGET = 11.4;
				MTL_ENABLE_DEBUG_INFO = YES;
				ONLY_ACTIVE_ARCH = YES;
				SDKROOT = iphoneos;
				SWIFT_ACTIVE_COMPILATION_CONDITIONS = DEBUG;
				SWIFT_OPTIMIZATION_LEVEL = "-Onone";
			};
			name = Debug;
		};
		9192F1AE2179A69C0024D868 /* Release */ = {
			isa = XCBuildConfiguration;
			buildSettings = {
				ALWAYS_SEARCH_USER_PATHS = NO;
				CLANG_ANALYZER_NONNULL = YES;
				CLANG_ANALYZER_NUMBER_OBJECT_CONVERSION = YES_AGGRESSIVE;
				CLANG_CXX_LANGUAGE_STANDARD = "gnu++14";
				CLANG_CXX_LIBRARY = "libc++";
				CLANG_ENABLE_MODULES = YES;
				CLANG_ENABLE_OBJC_ARC = YES;
				CLANG_ENABLE_OBJC_WEAK = YES;
				CLANG_WARN_BLOCK_CAPTURE_AUTORELEASING = YES;
				CLANG_WARN_BOOL_CONVERSION = YES;
				CLANG_WARN_COMMA = YES;
				CLANG_WARN_CONSTANT_CONVERSION = YES;
				CLANG_WARN_DEPRECATED_OBJC_IMPLEMENTATIONS = YES;
				CLANG_WARN_DIRECT_OBJC_ISA_USAGE = YES_ERROR;
				CLANG_WARN_DOCUMENTATION_COMMENTS = YES;
				CLANG_WARN_EMPTY_BODY = YES;
				CLANG_WARN_ENUM_CONVERSION = YES;
				CLANG_WARN_INFINITE_RECURSION = YES;
				CLANG_WARN_INT_CONVERSION = YES;
				CLANG_WARN_NON_LITERAL_NULL_CONVERSION = YES;
				CLANG_WARN_OBJC_IMPLICIT_RETAIN_SELF = YES;
				CLANG_WARN_OBJC_LITERAL_CONVERSION = YES;
				CLANG_WARN_OBJC_ROOT_CLASS = YES_ERROR;
				CLANG_WARN_RANGE_LOOP_ANALYSIS = YES;
				CLANG_WARN_STRICT_PROTOTYPES = YES;
				CLANG_WARN_SUSPICIOUS_MOVE = YES;
				CLANG_WARN_UNGUARDED_AVAILABILITY = YES_AGGRESSIVE;
				CLANG_WARN_UNREACHABLE_CODE = YES;
				CLANG_WARN__DUPLICATE_METHOD_MATCH = YES;
				CODE_SIGN_IDENTITY = "iPhone Developer";
				COPY_PHASE_STRIP = NO;
				DEBUG_INFORMATION_FORMAT = "dwarf-with-dsym";
				ENABLE_NS_ASSERTIONS = NO;
				ENABLE_STRICT_OBJC_MSGSEND = YES;
				GCC_C_LANGUAGE_STANDARD = gnu11;
				GCC_NO_COMMON_BLOCKS = YES;
				GCC_WARN_64_TO_32_BIT_CONVERSION = YES;
				GCC_WARN_ABOUT_RETURN_TYPE = YES_ERROR;
				GCC_WARN_UNDECLARED_SELECTOR = YES;
				GCC_WARN_UNINITIALIZED_AUTOS = YES_AGGRESSIVE;
				GCC_WARN_UNUSED_FUNCTION = YES;
				GCC_WARN_UNUSED_VARIABLE = YES;
				IPHONEOS_DEPLOYMENT_TARGET = 11.4;
				MTL_ENABLE_DEBUG_INFO = NO;
				SDKROOT = iphoneos;
				SWIFT_COMPILATION_MODE = wholemodule;
				SWIFT_OPTIMIZATION_LEVEL = "-O";
				VALIDATE_PRODUCT = YES;
			};
			name = Release;
		};
		9192F1B02179A69C0024D868 /* Debug */ = {
			isa = XCBuildConfiguration;
			baseConfigurationReference = 19E572B963CD5380BBE70B0D /* Pods-TableDemo.debug.xcconfig */;
			buildSettings = {
				ASSETCATALOG_COMPILER_APPICON_NAME = AppIcon;
				CODE_SIGN_STYLE = Automatic;
				DEVELOPMENT_TEAM = 236JXBXAXJ;
				INFOPLIST_FILE = TableDemo/Info.plist;
				LD_RUNPATH_SEARCH_PATHS = (
					"$(inherited)",
					"@executable_path/Frameworks",
				);
				PRODUCT_BUNDLE_IDENTIFIER = com.uteamtec.TableDemo;
				PRODUCT_NAME = "$(TARGET_NAME)";
				SWIFT_VERSION = 4.0;
				TARGETED_DEVICE_FAMILY = "1,2";
			};
			name = Debug;
		};
		9192F1B12179A69C0024D868 /* Release */ = {
			isa = XCBuildConfiguration;
			baseConfigurationReference = 787F9805FED534F2C7A70D22 /* Pods-TableDemo.release.xcconfig */;
			buildSettings = {
				ASSETCATALOG_COMPILER_APPICON_NAME = AppIcon;
				CODE_SIGN_STYLE = Automatic;
				DEVELOPMENT_TEAM = 236JXBXAXJ;
				INFOPLIST_FILE = TableDemo/Info.plist;
				LD_RUNPATH_SEARCH_PATHS = (
					"$(inherited)",
					"@executable_path/Frameworks",
				);
				PRODUCT_BUNDLE_IDENTIFIER = com.uteamtec.TableDemo;
				PRODUCT_NAME = "$(TARGET_NAME)";
				SWIFT_VERSION = 4.0;
				TARGETED_DEVICE_FAMILY = "1,2";
			};
			name = Release;
		};
		9192F1B32179A69C0024D868 /* Debug */ = {
			isa = XCBuildConfiguration;
			baseConfigurationReference = 727EACEA6BDE150FEABDE1F6 /* Pods-TableDemoTests.debug.xcconfig */;
			buildSettings = {
				ALWAYS_EMBED_SWIFT_STANDARD_LIBRARIES = YES;
				BUNDLE_LOADER = "$(TEST_HOST)";
				CODE_SIGN_STYLE = Automatic;
				DEVELOPMENT_TEAM = 236JXBXAXJ;
				INFOPLIST_FILE = TableDemoTests/Info.plist;
				LD_RUNPATH_SEARCH_PATHS = (
					"$(inherited)",
					"@executable_path/Frameworks",
					"@loader_path/Frameworks",
				);
				PRODUCT_BUNDLE_IDENTIFIER = com.uteamtec.TableDemoTests;
				PRODUCT_NAME = "$(TARGET_NAME)";
				SWIFT_VERSION = 4.0;
				TARGETED_DEVICE_FAMILY = "1,2";
				TEST_HOST = "$(BUILT_PRODUCTS_DIR)/TableDemo.app/TableDemo";
			};
			name = Debug;
		};
		9192F1B42179A69C0024D868 /* Release */ = {
			isa = XCBuildConfiguration;
			baseConfigurationReference = 98433D2183FEF014EEF75555 /* Pods-TableDemoTests.release.xcconfig */;
			buildSettings = {
				ALWAYS_EMBED_SWIFT_STANDARD_LIBRARIES = YES;
				BUNDLE_LOADER = "$(TEST_HOST)";
				CODE_SIGN_STYLE = Automatic;
				DEVELOPMENT_TEAM = 236JXBXAXJ;
				INFOPLIST_FILE = TableDemoTests/Info.plist;
				LD_RUNPATH_SEARCH_PATHS = (
					"$(inherited)",
					"@executable_path/Frameworks",
					"@loader_path/Frameworks",
				);
				PRODUCT_BUNDLE_IDENTIFIER = com.uteamtec.TableDemoTests;
				PRODUCT_NAME = "$(TARGET_NAME)";
				SWIFT_VERSION = 4.0;
				TARGETED_DEVICE_FAMILY = "1,2";
				TEST_HOST = "$(BUILT_PRODUCTS_DIR)/TableDemo.app/TableDemo";
			};
			name = Release;
		};
		9192F1B62179A69C0024D868 /* Debug */ = {
			isa = XCBuildConfiguration;
			baseConfigurationReference = 2A2A538FC126E6006A7EF76A /* Pods-TableDemoUITests.debug.xcconfig */;
			buildSettings = {
				ALWAYS_EMBED_SWIFT_STANDARD_LIBRARIES = YES;
				CODE_SIGN_STYLE = Automatic;
				DEVELOPMENT_TEAM = 236JXBXAXJ;
				INFOPLIST_FILE = TableDemoUITests/Info.plist;
				LD_RUNPATH_SEARCH_PATHS = (
					"$(inherited)",
					"@executable_path/Frameworks",
					"@loader_path/Frameworks",
				);
				PRODUCT_BUNDLE_IDENTIFIER = com.uteamtec.TableDemoUITests;
				PRODUCT_NAME = "$(TARGET_NAME)";
				SWIFT_VERSION = 4.0;
				TARGETED_DEVICE_FAMILY = "1,2";
				TEST_TARGET_NAME = TableDemo;
			};
			name = Debug;
		};
		9192F1B72179A69C0024D868 /* Release */ = {
			isa = XCBuildConfiguration;
			baseConfigurationReference = F8C863FB67AD5F5DF1D7846F /* Pods-TableDemoUITests.release.xcconfig */;
			buildSettings = {
				ALWAYS_EMBED_SWIFT_STANDARD_LIBRARIES = YES;
				CODE_SIGN_STYLE = Automatic;
				DEVELOPMENT_TEAM = 236JXBXAXJ;
				INFOPLIST_FILE = TableDemoUITests/Info.plist;
				LD_RUNPATH_SEARCH_PATHS = (
					"$(inherited)",
					"@executable_path/Frameworks",
					"@loader_path/Frameworks",
				);
				PRODUCT_BUNDLE_IDENTIFIER = com.uteamtec.TableDemoUITests;
				PRODUCT_NAME = "$(TARGET_NAME)";
				SWIFT_VERSION = 4.0;
				TARGETED_DEVICE_FAMILY = "1,2";
				TEST_TARGET_NAME = TableDemo;
			};
			name = Release;
		};
/* End XCBuildConfiguration section */

/* Begin XCConfigurationList section */
		9192F17F2179A69B0024D868 /* Build configuration list for PBXProject "TableDemo" */ = {
			isa = XCConfigurationList;
			buildConfigurations = (
				9192F1AD2179A69C0024D868 /* Debug */,
				9192F1AE2179A69C0024D868 /* Release */,
			);
			defaultConfigurationIsVisible = 0;
			defaultConfigurationName = Release;
		};
		9192F1AF2179A69C0024D868 /* Build configuration list for PBXNativeTarget "TableDemo" */ = {
			isa = XCConfigurationList;
			buildConfigurations = (
				9192F1B02179A69C0024D868 /* Debug */,
				9192F1B12179A69C0024D868 /* Release */,
			);
			defaultConfigurationIsVisible = 0;
			defaultConfigurationName = Release;
		};
		9192F1B22179A69C0024D868 /* Build configuration list for PBXNativeTarget "TableDemoTests" */ = {
			isa = XCConfigurationList;
			buildConfigurations = (
				9192F1B32179A69C0024D868 /* Debug */,
				9192F1B42179A69C0024D868 /* Release */,
			);
			defaultConfigurationIsVisible = 0;
			defaultConfigurationName = Release;
		};
		9192F1B52179A69C0024D868 /* Build configuration list for PBXNativeTarget "TableDemoUITests" */ = {
			isa = XCConfigurationList;
			buildConfigurations = (
				9192F1B62179A69C0024D868 /* Debug */,
				9192F1B72179A69C0024D868 /* Release */,
			);
			defaultConfigurationIsVisible = 0;
			defaultConfigurationName = Release;
		};
/* End XCConfigurationList section */

/* Begin XCVersionGroup section */
		9192F18E2179A69B0024D868 /* TableDemo.xcdatamodeld */ = {
			isa = XCVersionGroup;
			children = (
				9192F18F2179A69B0024D868 /* TableDemo.xcdatamodel */,
			);
			currentVersion = 9192F18F2179A69B0024D868 /* TableDemo.xcdatamodel */;
			path = TableDemo.xcdatamodeld;
			sourceTree = "<group>";
			versionGroupType = wrapper.xcdatamodel;
		};
/* End XCVersionGroup section */
	};
	rootObject = 9192F17C2179A69B0024D868 /* Project object */;
}
